<?xml version="1.0" encoding="utf-8"?>
<Project ToolsVersion="4.0" xmlns="http://schemas.microsoft.com/developer/msbuild/2003">
  <ItemGroup>
    <Filter Include="app">
      <UniqueIdentifier>{6a6c24bd-7110-4436-97af-07990da17abf}</UniqueIdentifier>
    </Filter>
    <Filter Include="app\RtAudioMidi">
      <UniqueIdentifier>{ef87c677-1479-44bc-aef8-7ba960ef233d}</UniqueIdentifier>
    </Filter>
    <Filter Include="app\ASIO_SDK">
      <UniqueIdentifier>{b91b9db4-5584-4959-a395-7394ba3cf5a3}</UniqueIdentifier>
    </Filter>
    <Filter Include="minim">
      <UniqueIdentifier>{01c21a6c-a842-46ab-b790-ea1a1f4f345d}</UniqueIdentifier>
    </Filter>
    <Filter Include="dsp">
      <UniqueIdentifier>{fe848cd7-7662-4c35-a4f7-1713a16e6b53}</UniqueIdentifier>
    </Filter>
    <Filter Include="interface">
      <UniqueIdentifier>{92938d68-f8f5-4bd5-91c4-02f18ae00cc0}</UniqueIdentifier>
    </Filter>
  </ItemGroup>
  <ItemGroup>
    <ClInclude Include="..\..\WDL\rtaudiomidi\RtAudio.h">
      <Filter>app\RtAudioMidi</Filter>
    </ClInclude>
    <ClInclude Include="..\..\WDL\rtaudiomidi\RtMidi.h">
      <Filter>app\RtAudioMidi</Filter>
    </ClInclude>
    <ClInclude Include="..\..\ASIO_SDK\asiosys.h">
      <Filter>app\ASIO_SDK</Filter>
    </ClInclude>
    <ClInclude Include="..\..\ASIO_SDK\ginclude.h">
      <Filter>app\ASIO_SDK</Filter>
    </ClInclude>
    <ClInclude Include="..\..\ASIO_SDK\iasiodrv.h">
      <Filter>app\ASIO_SDK</Filter>
    </ClInclude>
    <ClInclude Include="..\..\ASIO_SDK\asio.h">
      <Filter>app\ASIO_SDK</Filter>
    </ClInclude>
    <ClInclude Include="..\..\ASIO_SDK\asiodrivers.h">
      <Filter>app\ASIO_SDK</Filter>
    </ClInclude>
    <ClInclude Include="..\..\ASIO_SDK\asiolist.h">
      <Filter>app\ASIO_SDK</Filter>
    </ClInclude>
    <ClInclude Include="app_wrapper\app_main.h">
      <Filter>app</Filter>
    </ClInclude>
    <ClInclude Include="..\..\WDL\IPlug\IPlugStandalone.h">
      <Filter>app</Filter>
    </ClInclude>
    <ClInclude Include="app_wrapper\app_resource.h" />
    <ClInclude Include="..\minim-cpp\src\ugens\Oscil.h">
      <Filter>minim</Filter>
    </ClInclude>
    <ClInclude Include="..\minim-cpp\src\ugens\Summer.h">
      <Filter>minim</Filter>
    </ClInclude>
    <ClInclude Include="..\minim-cpp\src\ugens\UGen.h">
      <Filter>minim</Filter>
    </ClInclude>
    <ClInclude Include="..\minim-cpp\src\ugens\Waveform.h">
      <Filter>minim</Filter>
    </ClInclude>
    <ClInclude Include="..\minim-cpp\src\ugens\Waves.h">
      <Filter>minim</Filter>
    </ClInclude>
    <ClInclude Include="..\minim-cpp\src\ugens\Wavetable.h">
      <Filter>minim</Filter>
    </ClInclude>
    <ClInclude Include="..\minim-cpp\src\AudioSource.h">
      <Filter>minim</Filter>
    </ClInclude>
    <ClInclude Include="..\minim-cpp\src\Logging.h">
      <Filter>minim</Filter>
    </ClInclude>
    <ClInclude Include="src\Params.h" />
    <ClInclude Include="src\Melodizer.h" />
    <ClInclude Include="resource.h" />
    <ClInclude Include="src\Instruments.h">
      <Filter>dsp</Filter>
    </ClInclude>
    <ClInclude Include="..\minim-cpp\src\ugens\Pan.h">
      <Filter>minim</Filter>
    </ClInclude>
    <ClInclude Include="src\Scales.h">
      <Filter>dsp</Filter>
    </ClInclude>
    <ClInclude Include="src\Interface.h">
      <Filter>interface</Filter>
    </ClInclude>
    <ClInclude Include="src\KnobLineCoronaControl.h">
      <Filter>interface</Filter>
    </ClInclude>
    <ClInclude Include="src\LED.h">
      <Filter>interface</Filter>
    </ClInclude>
    <ClInclude Include="src\EnumControl.h">
      <Filter>interface</Filter>
    </ClInclude>
    <ClInclude Include="..\minim-cpp\src\ugens\Frequency.h">
      <Filter>minim</Filter>
    </ClInclude>
    <ClInclude Include="src\TextBox.h">
      <Filter>interface</Filter>
    </ClInclude>
    <ClInclude Include="src\BangControl.h">
      <Filter>interface</Filter>
    </ClInclude>
    <ClInclude Include="..\minim-cpp\src\ugens\Line.h">
      <Filter>minim</Filter>
    </ClInclude>
    <ClInclude Include="..\minim-cpp\src\ugens\Multiplier.h">
      <Filter>minim</Filter>
    </ClInclude>
    <ClInclude Include="src\ControlGroup.h">
      <Filter>interface</Filter>
    </ClInclude>
    <ClInclude Include="src\PlayStateControl.h">
      <Filter>interface</Filter>
    </ClInclude>
    <ClInclude Include="src\StepModeControl.h">
      <Filter>interface</Filter>
    </ClInclude>
    <ClInclude Include="..\minim-cpp\src\ugens\Delay.h">
      <Filter>minim</Filter>
    </ClInclude>
    <ClInclude Include="..\minim-cpp\src\ugens\Flanger.h">
      <Filter>minim</Filter>
    </ClInclude>
  </ItemGroup>
  <ItemGroup>
    <ClCompile Include="..\..\WDL\rtaudiomidi\RtAudio.cpp">
      <Filter>app\RtAudioMidi</Filter>
    </ClCompile>
    <ClCompile Include="..\..\WDL\rtaudiomidi\RtMidi.cpp">
      <Filter>app\RtAudioMidi</Filter>
    </ClCompile>
    <ClCompile Include="..\..\ASIO_SDK\asio.cpp">
      <Filter>app\ASIO_SDK</Filter>
    </ClCompile>
    <ClCompile Include="..\..\ASIO_SDK\asiodrivers.cpp">
      <Filter>app\ASIO_SDK</Filter>
    </ClCompile>
    <ClCompile Include="..\..\ASIO_SDK\asiolist.cpp">
      <Filter>app\ASIO_SDK</Filter>
    </ClCompile>
    <ClCompile Include="app_wrapper\app_dialog.cpp">
      <Filter>app</Filter>
    </ClCompile>
    <ClCompile Include="app_wrapper\app_main.cpp">
      <Filter>app</Filter>
    </ClCompile>
    <ClCompile Include="..\..\WDL\IPlug\IPlugStandalone.cpp">
      <Filter>app</Filter>
    </ClCompile>
    <ClCompile Include="..\minim-cpp\src\ugens\Oscil.cpp">
      <Filter>minim</Filter>
    </ClCompile>
    <ClCompile Include="..\minim-cpp\src\ugens\Summer.cpp">
      <Filter>minim</Filter>
    </ClCompile>
    <ClCompile Include="..\minim-cpp\src\ugens\UGen.cpp">
      <Filter>minim</Filter>
    </ClCompile>
    <ClCompile Include="..\minim-cpp\src\ugens\Waves.cpp">
      <Filter>minim</Filter>
    </ClCompile>
    <ClCompile Include="..\minim-cpp\src\ugens\Wavetable.cpp">
      <Filter>minim</Filter>
    </ClCompile>
    <ClCompile Include="..\minim-cpp\src\AudioSource.cpp">
      <Filter>minim</Filter>
    </ClCompile>
    <ClCompile Include="..\minim-cpp\src\Logging.cpp">
      <Filter>minim</Filter>
    </ClCompile>
    <ClCompile Include="src\Melodizer.cpp" />
    <ClCompile Include="src\Instruments.cpp">
      <Filter>dsp</Filter>
    </ClCompile>
    <ClCompile Include="..\minim-cpp\src\ugens\Pan.cpp">
      <Filter>minim</Filter>
    </ClCompile>
    <ClCompile Include="src\Scales.cpp">
      <Filter>dsp</Filter>
    </ClCompile>
    <ClCompile Include="src\Interface.cpp">
      <Filter>interface</Filter>
    </ClCompile>
    <ClCompile Include="src\KnobLineCoronaControl.cpp">
      <Filter>interface</Filter>
    </ClCompile>
    <ClCompile Include="src\LED.cpp">
      <Filter>interface</Filter>
    </ClCompile>
    <ClCompile Include="src\EnumControl.cpp">
      <Filter>interface</Filter>
    </ClCompile>
    <ClCompile Include="..\minim-cpp\src\ugens\Frequency.cpp">
      <Filter>minim</Filter>
    </ClCompile>
    <ClCompile Include="src\TextBox.cpp">
      <Filter>interface</Filter>
    </ClCompile>
    <ClCompile Include="src\BangControl.cpp">
      <Filter>interface</Filter>
    </ClCompile>
    <ClCompile Include="..\minim-cpp\src\ugens\Line.cpp">
      <Filter>minim</Filter>
    </ClCompile>
    <ClCompile Include="..\minim-cpp\src\ugens\Multiplier.cpp">
      <Filter>minim</Filter>
    </ClCompile>
    <ClCompile Include="src\ControlGroup.cpp">
      <Filter>interface</Filter>
    </ClCompile>
    <ClCompile Include="src\PlayStateControl.cpp">
      <Filter>interface</Filter>
    </ClCompile>
    <ClCompile Include="src\StepModeControl.cpp">
      <Filter>interface</Filter>
    </ClCompile>
    <ClCompile Include="..\minim-cpp\src\ugens\Delay.cpp">
      <Filter>minim</Filter>
    </ClCompile>
    <ClCompile Include="..\minim-cpp\src\ugens\Flanger.cpp">
      <Filter>minim</Filter>
    </ClCompile>
  </ItemGroup>
  <ItemGroup>
    <ResourceCompile Include="Melodizer.rc" />
  </ItemGroup>
</Project>