// !$*UTF8*$!
{
	archiveVersion = 1;
	classes = {
	};
	objectVersion = 45;
	objects = {

/* Begin PBXBuildFile section */
		1D60589F0D05DD5A006BFB54 /* Foundation.framework in Frameworks */ = {isa = PBXBuildFile; fileRef = 1D30AB110D05D00D00671497 /* Foundation.framework */; };
		1DF5F4E00D08C38300B7A737 /* UIKit.framework in Frameworks */ = {isa = PBXBuildFile; fileRef = 1DF5F4DF0D08C38300B7A737 /* UIKit.framework */; };
		288765FD0DF74451002DB57D /* CoreGraphics.framework in Frameworks */ = {isa = PBXBuildFile; fileRef = 288765FC0DF74451002DB57D /* CoreGraphics.framework */; };
		5326AEA810A23A0500278DE6 /* CoreLocation.framework in Frameworks */ = {isa = PBXBuildFile; fileRef = 5326AEA710A23A0500278DE6 /* CoreLocation.framework */; };
		53F323EB10A20EDB00E0DAE4 /* OpenAL.framework in Frameworks */ = {isa = PBXBuildFile; fileRef = 53F323EA10A20EDB00E0DAE4 /* OpenAL.framework */; };
		6D36251E1403606F005493CF /* AVFoundation.framework in Frameworks */ = {isa = PBXBuildFile; fileRef = 6D36251D1403606F005493CF /* AVFoundation.framework */; };
		6D36252214036088005493CF /* CoreVideo.framework in Frameworks */ = {isa = PBXBuildFile; fileRef = 6D36252114036088005493CF /* CoreVideo.framework */; };
		6D362536140360DD005493CF /* CoreMedia.framework in Frameworks */ = {isa = PBXBuildFile; fileRef = 6D362535140360DD005493CF /* CoreMedia.framework */; };
		6D7FA8A913B63DBA00A96AE6 /* AppUICallbacks.mm in Sources */ = {isa = PBXBuildFile; fileRef = 6D7FA8A813B63DBA00A96AE6 /* AppUICallbacks.mm */; };
		6DDAC8D813BE0FEA002E76E9 /* AppInterrupts.mm in Sources */ = {isa = PBXBuildFile; fileRef = 6DDAC8D713BE0FEA002E76E9 /* AppInterrupts.mm */; };
		6DEA8D8B1323534800744BC8 /* UIActionHandler.mm in Sources */ = {isa = PBXBuildFile; fileRef = 6DEA8D8A1323534800744BC8 /* UIActionHandler.mm */; };
		7741E31314904ECA00F660A7 /* Audio.mm in Sources */ = {isa = PBXBuildFile; fileRef = 7741E31214904ECA00F660A7 /* Audio.mm */; };
		7741E3641496AA6400F660A7 /* Scales.cpp in Sources */ = {isa = PBXBuildFile; fileRef = 7741E3631496AA6400F660A7 /* Scales.cpp */; };
		7741E3661496AC5400F660A7 /* Settings.cpp in Sources */ = {isa = PBXBuildFile; fileRef = 7741E3651496AC5400F660A7 /* Settings.cpp */; };
		7741E3691496C07F00F660A7 /* SettingsScreen.cpp in Sources */ = {isa = PBXBuildFile; fileRef = 7741E3681496C07F00F660A7 /* SettingsScreen.cpp */; };
		7741E36F14994B2F00F660A7 /* bass_clef.png in Resources */ = {isa = PBXBuildFile; fileRef = 7741E36D14994B2F00F660A7 /* bass_clef.png */; };
		7741E37014994B2F00F660A7 /* treble_clef.png in Resources */ = {isa = PBXBuildFile; fileRef = 7741E36E14994B2F00F660A7 /* treble_clef.png */; };
		7741E37614995B2300F660A7 /* KeyChooser.cpp in Sources */ = {isa = PBXBuildFile; fileRef = 7741E37514995B2300F660A7 /* KeyChooser.cpp */; };
		7741E37814996C1500F660A7 /* HelveticaBold.ttf in Resources */ = {isa = PBXBuildFile; fileRef = 7741E37714996C1500F660A7 /* HelveticaBold.ttf */; };
		775358A9151B9AE3006D89C4 /* libMinimTouch.a in Frameworks */ = {isa = PBXBuildFile; fileRef = 775358A4151B9ACE006D89C4 /* libMinimTouch.a */; };
		775358B9151BAD7F006D89C4 /* Icon72.png in Resources */ = {isa = PBXBuildFile; fileRef = 775358B8151BAD7F006D89C4 /* Icon72.png */; };
		77903B8414F2052A0073280F /* FlangerControl.cpp in Sources */ = {isa = PBXBuildFile; fileRef = 77903B8314F2052A0073280F /* FlangerControl.cpp */; };
		77903B8714F20E560073280F /* MultitouchControl.cpp in Sources */ = {isa = PBXBuildFile; fileRef = 77903B8614F20E560073280F /* MultitouchControl.cpp */; };
		77AC9BE214A52D2A0085028B /* ScaleChooser.cpp in Sources */ = {isa = PBXBuildFile; fileRef = 77AC9BE114A52D2A0085028B /* ScaleChooser.cpp */; };
		77AC9C2814A952590085028B /* XYControl.cpp in Sources */ = {isa = PBXBuildFile; fileRef = 77AC9C2714A952590085028B /* XYControl.cpp */; };
		77AC9C2B14A964880085028B /* SampleRepeat.cpp in Sources */ = {isa = PBXBuildFile; fileRef = 77AC9C2A14A964880085028B /* SampleRepeat.cpp */; };
		77AC9C2E14A96B630085028B /* SampleRepeatControl.cpp in Sources */ = {isa = PBXBuildFile; fileRef = 77AC9C2D14A96B630085028B /* SampleRepeatControl.cpp */; };
		77BF377518DF648C00B78963 /* libofxiOS_iphoneos_Debug.a in Frameworks */ = {isa = PBXBuildFile; fileRef = 77BF377218DF647A00B78963 /* libofxiOS_iphoneos_Debug.a */; };
		77DEB7E71490477600C9FB09 /* Instruments.cpp in Sources */ = {isa = PBXBuildFile; fileRef = 77DEB7E61490477600C9FB09 /* Instruments.cpp */; };
		77F12D9D14698F3C00F8C32F /* Config.xcconfig in Resources */ = {isa = PBXBuildFile; fileRef = 77F12D9C14698F3C00F8C32F /* Config.xcconfig */; };
		BB0ECA6310F55E7900A35406 /* MapKit.framework in Frameworks */ = {isa = PBXBuildFile; fileRef = BB0ECA6210F55E7900A35406 /* MapKit.framework */; };
		BB16EBD20F2B2A9500518274 /* OpenGLES.framework in Frameworks */ = {isa = PBXBuildFile; fileRef = BB16EBD10F2B2A9500518274 /* OpenGLES.framework */; };
		BB16EBD90F2B2AB500518274 /* QuartzCore.framework in Frameworks */ = {isa = PBXBuildFile; fileRef = BB16EBD80F2B2AB500518274 /* QuartzCore.framework */; };
		BB16F3AD0F2B73B000518274 /* main.mm in Sources */ = {isa = PBXBuildFile; fileRef = BB16F3A80F2B73B000518274 /* main.mm */; };
		BB24DD8F10DA77E000E9C588 /* Default.png in Resources */ = {isa = PBXBuildFile; fileRef = BB24DD8C10DA77E000E9C588 /* Default.png */; };
		BB24DD9010DA77E000E9C588 /* Icon.png in Resources */ = {isa = PBXBuildFile; fileRef = BB24DD8D10DA77E000E9C588 /* Icon.png */; };
		BB73D3DB0F4B08B60092FC06 /* App.mm in Sources */ = {isa = PBXBuildFile; fileRef = BB73D3DA0F4B08B60092FC06 /* App.mm */; };
		BBE5EAB80F49AD8400F28951 /* AudioToolbox.framework in Frameworks */ = {isa = PBXBuildFile; fileRef = BBE5EAB70F49AD8400F28951 /* AudioToolbox.framework */; };
/* End PBXBuildFile section */

/* Begin PBXContainerItemProxy section */
		775358A3151B9ACE006D89C4 /* PBXContainerItemProxy */ = {
			isa = PBXContainerItemProxy;
			containerPortal = 77F12D7F14698F0900F8C32F /* MinimTouch.xcodeproj */;
			proxyType = 2;
			remoteGlobalIDString = D2AAC07E0554694100DB518D;
			remoteInfo = MinimTouch;
		};
		775358A5151B9ADC006D89C4 /* PBXContainerItemProxy */ = {
			isa = PBXContainerItemProxy;
			containerPortal = 77F12D7F14698F0900F8C32F /* MinimTouch.xcodeproj */;
			proxyType = 1;
			remoteGlobalIDString = D2AAC07D0554694100DB518D;
			remoteInfo = MinimTouch;
		};
		77BF377118DF647A00B78963 /* PBXContainerItemProxy */ = {
			isa = PBXContainerItemProxy;
			containerPortal = 77BF376D18DF647A00B78963 /* iOS+OFLib.xcodeproj */;
			proxyType = 2;
			remoteGlobalIDString = BB24DED610DA7A3F00E9C588;
			remoteInfo = "iPhone+OF Static Library";
		};
		77BF377318DF648300B78963 /* PBXContainerItemProxy */ = {
			isa = PBXContainerItemProxy;
			containerPortal = 77BF376D18DF647A00B78963 /* iOS+OFLib.xcodeproj */;
			proxyType = 1;
			remoteGlobalIDString = BB24DE5C10DA7A3F00E9C588;
			remoteInfo = "iPhone+OF Static Library";
		};
/* End PBXContainerItemProxy section */

/* Begin PBXFileReference section */
		1D30AB110D05D00D00671497 /* Foundation.framework */ = {isa = PBXFileReference; lastKnownFileType = wrapper.framework; name = Foundation.framework; path = System/Library/Frameworks/Foundation.framework; sourceTree = SDKROOT; };
		1D6058910D05DD3D006BFB54 /* melodizer.app */ = {isa = PBXFileReference; explicitFileType = wrapper.application; includeInIndex = 0; path = melodizer.app; sourceTree = BUILT_PRODUCTS_DIR; };
		1DF5F4DF0D08C38300B7A737 /* UIKit.framework */ = {isa = PBXFileReference; lastKnownFileType = wrapper.framework; name = UIKit.framework; path = System/Library/Frameworks/UIKit.framework; sourceTree = SDKROOT; };
		288765FC0DF74451002DB57D /* CoreGraphics.framework */ = {isa = PBXFileReference; lastKnownFileType = wrapper.framework; name = CoreGraphics.framework; path = System/Library/Frameworks/CoreGraphics.framework; sourceTree = SDKROOT; };
		5326AEA710A23A0500278DE6 /* CoreLocation.framework */ = {isa = PBXFileReference; lastKnownFileType = wrapper.framework; name = CoreLocation.framework; path = System/Library/Frameworks/CoreLocation.framework; sourceTree = SDKROOT; };
		53F323EA10A20EDB00E0DAE4 /* OpenAL.framework */ = {isa = PBXFileReference; lastKnownFileType = wrapper.framework; name = OpenAL.framework; path = System/Library/Frameworks/OpenAL.framework; sourceTree = SDKROOT; };
		6D36251D1403606F005493CF /* AVFoundation.framework */ = {isa = PBXFileReference; lastKnownFileType = wrapper.framework; name = AVFoundation.framework; path = System/Library/Frameworks/AVFoundation.framework; sourceTree = SDKROOT; };
		6D36252114036088005493CF /* CoreVideo.framework */ = {isa = PBXFileReference; lastKnownFileType = wrapper.framework; name = CoreVideo.framework; path = System/Library/Frameworks/CoreVideo.framework; sourceTree = SDKROOT; };
		6D362535140360DD005493CF /* CoreMedia.framework */ = {isa = PBXFileReference; lastKnownFileType = wrapper.framework; name = CoreMedia.framework; path = System/Library/Frameworks/CoreMedia.framework; sourceTree = SDKROOT; };
		6D7FA8A813B63DBA00A96AE6 /* AppUICallbacks.mm */ = {isa = PBXFileReference; fileEncoding = 4; lastKnownFileType = sourcecode.cpp.objcpp; path = AppUICallbacks.mm; sourceTree = "<group>"; };
		6DDAC8D713BE0FEA002E76E9 /* AppInterrupts.mm */ = {isa = PBXFileReference; fileEncoding = 4; lastKnownFileType = sourcecode.cpp.objcpp; path = AppInterrupts.mm; sourceTree = "<group>"; };
		6DEA8D891323534800744BC8 /* UIActionHandler.h */ = {isa = PBXFileReference; fileEncoding = 4; lastKnownFileType = sourcecode.c.h; path = UIActionHandler.h; sourceTree = "<group>"; };
		6DEA8D8A1323534800744BC8 /* UIActionHandler.mm */ = {isa = PBXFileReference; fileEncoding = 4; lastKnownFileType = sourcecode.cpp.objcpp; path = UIActionHandler.mm; sourceTree = "<group>"; };
		7741E31114904E7300F660A7 /* Audio.h */ = {isa = PBXFileReference; fileEncoding = 4; lastKnownFileType = sourcecode.c.h; path = Audio.h; sourceTree = "<group>"; };
		7741E31214904ECA00F660A7 /* Audio.mm */ = {isa = PBXFileReference; fileEncoding = 4; lastKnownFileType = sourcecode.cpp.objcpp; path = Audio.mm; sourceTree = "<group>"; };
		7741E3611492EF5F00F660A7 /* Scales.h */ = {isa = PBXFileReference; fileEncoding = 4; lastKnownFileType = sourcecode.c.h; path = Scales.h; sourceTree = "<group>"; };
		7741E3621496AA1C00F660A7 /* Settings.h */ = {isa = PBXFileReference; fileEncoding = 4; lastKnownFileType = sourcecode.c.h; path = Settings.h; sourceTree = "<group>"; };
		7741E3631496AA6400F660A7 /* Scales.cpp */ = {isa = PBXFileReference; fileEncoding = 4; lastKnownFileType = sourcecode.cpp.cpp; path = Scales.cpp; sourceTree = "<group>"; };
		7741E3651496AC5400F660A7 /* Settings.cpp */ = {isa = PBXFileReference; fileEncoding = 4; lastKnownFileType = sourcecode.cpp.cpp; path = Settings.cpp; sourceTree = "<group>"; };
		7741E3671496BF6100F660A7 /* SettingsScreen.h */ = {isa = PBXFileReference; fileEncoding = 4; lastKnownFileType = sourcecode.c.h; path = SettingsScreen.h; sourceTree = "<group>"; };
		7741E3681496C07F00F660A7 /* SettingsScreen.cpp */ = {isa = PBXFileReference; fileEncoding = 4; lastKnownFileType = sourcecode.cpp.cpp; path = SettingsScreen.cpp; sourceTree = "<group>"; };
		7741E36D14994B2F00F660A7 /* bass_clef.png */ = {isa = PBXFileReference; lastKnownFileType = image.png; path = bass_clef.png; sourceTree = "<group>"; };
		7741E36E14994B2F00F660A7 /* treble_clef.png */ = {isa = PBXFileReference; lastKnownFileType = image.png; path = treble_clef.png; sourceTree = "<group>"; };
		7741E3711499556100F660A7 /* KeyChooser.h */ = {isa = PBXFileReference; fileEncoding = 4; lastKnownFileType = sourcecode.c.h; path = KeyChooser.h; sourceTree = "<group>"; };
		7741E3741499588100F660A7 /* Box.h */ = {isa = PBXFileReference; fileEncoding = 4; lastKnownFileType = sourcecode.c.h; path = Box.h; sourceTree = "<group>"; };
		7741E37514995B2300F660A7 /* KeyChooser.cpp */ = {isa = PBXFileReference; fileEncoding = 4; lastKnownFileType = sourcecode.cpp.cpp; path = KeyChooser.cpp; sourceTree = "<group>"; };
		7741E37714996C1500F660A7 /* HelveticaBold.ttf */ = {isa = PBXFileReference; lastKnownFileType = file; path = HelveticaBold.ttf; sourceTree = "<group>"; };
		775358B8151BAD7F006D89C4 /* Icon72.png */ = {isa = PBXFileReference; lastKnownFileType = image.png; path = Icon72.png; sourceTree = "<group>"; };
		77903B8214F204900073280F /* FlangerControl.h */ = {isa = PBXFileReference; fileEncoding = 4; lastKnownFileType = sourcecode.c.h; path = FlangerControl.h; sourceTree = "<group>"; };
		77903B8314F2052A0073280F /* FlangerControl.cpp */ = {isa = PBXFileReference; fileEncoding = 4; lastKnownFileType = sourcecode.cpp.cpp; path = FlangerControl.cpp; sourceTree = "<group>"; };
		77903B8514F20D0E0073280F /* MultitouchControl.h */ = {isa = PBXFileReference; fileEncoding = 4; lastKnownFileType = sourcecode.c.h; path = MultitouchControl.h; sourceTree = "<group>"; };
		77903B8614F20E560073280F /* MultitouchControl.cpp */ = {isa = PBXFileReference; fileEncoding = 4; lastKnownFileType = sourcecode.cpp.cpp; path = MultitouchControl.cpp; sourceTree = "<group>"; };
		77AC9BE014A52CAE0085028B /* ScaleChooser.h */ = {isa = PBXFileReference; fileEncoding = 4; lastKnownFileType = sourcecode.c.h; path = ScaleChooser.h; sourceTree = "<group>"; };
		77AC9BE114A52D2A0085028B /* ScaleChooser.cpp */ = {isa = PBXFileReference; fileEncoding = 4; lastKnownFileType = sourcecode.cpp.cpp; path = ScaleChooser.cpp; sourceTree = "<group>"; };
		77AC9BE314A53CEE0085028B /* Button.h */ = {isa = PBXFileReference; fileEncoding = 4; lastKnownFileType = sourcecode.c.h; path = Button.h; sourceTree = "<group>"; };
		77AC9C2614A94FF10085028B /* XYControl.h */ = {isa = PBXFileReference; fileEncoding = 4; lastKnownFileType = sourcecode.c.h; path = XYControl.h; sourceTree = "<group>"; };
		77AC9C2714A952590085028B /* XYControl.cpp */ = {isa = PBXFileReference; fileEncoding = 4; lastKnownFileType = sourcecode.cpp.cpp; path = XYControl.cpp; sourceTree = "<group>"; };
		77AC9C2914A9607E0085028B /* SampleRepeat.h */ = {isa = PBXFileReference; fileEncoding = 4; lastKnownFileType = sourcecode.c.h; path = SampleRepeat.h; sourceTree = "<group>"; };
		77AC9C2A14A964880085028B /* SampleRepeat.cpp */ = {isa = PBXFileReference; fileEncoding = 4; lastKnownFileType = sourcecode.cpp.cpp; path = SampleRepeat.cpp; sourceTree = "<group>"; };
		77AC9C2C14A96A890085028B /* SampleRepeatControl.h */ = {isa = PBXFileReference; fileEncoding = 4; lastKnownFileType = sourcecode.c.h; path = SampleRepeatControl.h; sourceTree = "<group>"; };
		77AC9C2D14A96B630085028B /* SampleRepeatControl.cpp */ = {isa = PBXFileReference; fileEncoding = 4; lastKnownFileType = sourcecode.cpp.cpp; path = SampleRepeatControl.cpp; sourceTree = "<group>"; };
		77BF376D18DF647A00B78963 /* iOS+OFLib.xcodeproj */ = {isa = PBXFileReference; lastKnownFileType = "wrapper.pb-project"; name = "iOS+OFLib.xcodeproj"; path = "../../../../Developer/Frameworks/of_v0.8.0_ios_release/libs/openFrameworksCompiled/project/ios/iOS+OFLib.xcodeproj"; sourceTree = "<group>"; };
		77DEB7E51490444F00C9FB09 /* Instruments.h */ = {isa = PBXFileReference; fileEncoding = 4; lastKnownFileType = sourcecode.c.h; path = Instruments.h; sourceTree = "<group>"; };
		77DEB7E61490477600C9FB09 /* Instruments.cpp */ = {isa = PBXFileReference; fileEncoding = 4; lastKnownFileType = sourcecode.cpp.cpp; path = Instruments.cpp; sourceTree = "<group>"; };
		77F12D7F14698F0900F8C32F /* MinimTouch.xcodeproj */ = {isa = PBXFileReference; lastKnownFileType = "wrapper.pb-project"; name = MinimTouch.xcodeproj; path = "../../../../Developer/Frameworks/minim-cpp/MinimTouch.xcodeproj"; sourceTree = DEVELOPER_DIR; };
		77F12D9C14698F3C00F8C32F /* Config.xcconfig */ = {isa = PBXFileReference; fileEncoding = 4; lastKnownFileType = text.xcconfig; path = Config.xcconfig; sourceTree = "<group>"; };
		BB0ECA6210F55E7900A35406 /* MapKit.framework */ = {isa = PBXFileReference; lastKnownFileType = wrapper.framework; name = MapKit.framework; path = System/Library/Frameworks/MapKit.framework; sourceTree = SDKROOT; };
		BB16EBD10F2B2A9500518274 /* OpenGLES.framework */ = {isa = PBXFileReference; lastKnownFileType = wrapper.framework; name = OpenGLES.framework; path = System/Library/Frameworks/OpenGLES.framework; sourceTree = SDKROOT; };
		BB16EBD80F2B2AB500518274 /* QuartzCore.framework */ = {isa = PBXFileReference; lastKnownFileType = wrapper.framework; name = QuartzCore.framework; path = System/Library/Frameworks/QuartzCore.framework; sourceTree = SDKROOT; };
		BB16F3A80F2B73B000518274 /* main.mm */ = {isa = PBXFileReference; fileEncoding = 4; lastKnownFileType = sourcecode.cpp.objcpp; path = main.mm; sourceTree = "<group>"; };
		BB16F3AA0F2B73B000518274 /* App.h */ = {isa = PBXFileReference; fileEncoding = 4; lastKnownFileType = sourcecode.c.h; path = App.h; sourceTree = "<group>"; };
		BB24DD8C10DA77E000E9C588 /* Default.png */ = {isa = PBXFileReference; lastKnownFileType = image.png; path = Default.png; sourceTree = "<group>"; };
		BB24DD8D10DA77E000E9C588 /* Icon.png */ = {isa = PBXFileReference; lastKnownFileType = image.png; path = Icon.png; sourceTree = "<group>"; };
		BB24DDC910DA781C00E9C588 /* ofxiphone-Info.plist */ = {isa = PBXFileReference; fileEncoding = 4; lastKnownFileType = text.plist.xml; path = "ofxiphone-Info.plist"; sourceTree = "<group>"; };
		BB73D3DA0F4B08B60092FC06 /* App.mm */ = {isa = PBXFileReference; fileEncoding = 4; lastKnownFileType = sourcecode.cpp.objcpp; path = App.mm; sourceTree = "<group>"; };
		BBE5EAB70F49AD8400F28951 /* AudioToolbox.framework */ = {isa = PBXFileReference; lastKnownFileType = wrapper.framework; name = AudioToolbox.framework; path = System/Library/Frameworks/AudioToolbox.framework; sourceTree = SDKROOT; };
/* End PBXFileReference section */

/* Begin PBXFrameworksBuildPhase section */
		1D60588F0D05DD3D006BFB54 /* Frameworks */ = {
			isa = PBXFrameworksBuildPhase;
			buildActionMask = 2147483647;
			files = (
				77BF377518DF648C00B78963 /* libofxiOS_iphoneos_Debug.a in Frameworks */,
				775358A9151B9AE3006D89C4 /* libMinimTouch.a in Frameworks */,
				1D60589F0D05DD5A006BFB54 /* Foundation.framework in Frameworks */,
				1DF5F4E00D08C38300B7A737 /* UIKit.framework in Frameworks */,
				288765FD0DF74451002DB57D /* CoreGraphics.framework in Frameworks */,
				BB16EBD20F2B2A9500518274 /* OpenGLES.framework in Frameworks */,
				BB16EBD90F2B2AB500518274 /* QuartzCore.framework in Frameworks */,
				BBE5EAB80F49AD8400F28951 /* AudioToolbox.framework in Frameworks */,
				53F323EB10A20EDB00E0DAE4 /* OpenAL.framework in Frameworks */,
				5326AEA810A23A0500278DE6 /* CoreLocation.framework in Frameworks */,
				BB0ECA6310F55E7900A35406 /* MapKit.framework in Frameworks */,
				6D36251E1403606F005493CF /* AVFoundation.framework in Frameworks */,
				6D36252214036088005493CF /* CoreVideo.framework in Frameworks */,
				6D362536140360DD005493CF /* CoreMedia.framework in Frameworks */,
			);
			runOnlyForDeploymentPostprocessing = 0;
		};
/* End PBXFrameworksBuildPhase section */

/* Begin PBXGroup section */
		19C28FACFE9D520D11CA2CBB /* Products */ = {
			isa = PBXGroup;
			children = (
				1D6058910D05DD3D006BFB54 /* melodizer.app */,
			);
			name = Products;
			sourceTree = "<group>";
		};
		29B97314FDCFA39411CA2CEA /* CustomTemplate */ = {
			isa = PBXGroup;
			children = (
				77BF376D18DF647A00B78963 /* iOS+OFLib.xcodeproj */,
				775358B8151BAD7F006D89C4 /* Icon72.png */,
				77F12D9C14698F3C00F8C32F /* Config.xcconfig */,
				77F12D7F14698F0900F8C32F /* MinimTouch.xcodeproj */,
				6DA14D011308406E003685EC /* Resources-iPad */,
				BB24DDC910DA781C00E9C588 /* ofxiphone-Info.plist */,
				BB16F3A50F2B73B000518274 /* src */,
				BB24DD8B10DA77E000E9C588 /* data */,
				19C28FACFE9D520D11CA2CBB /* Products */,
				77BF376C18DF5C7D00B78963 /* Frameworks */,
			);
			name = CustomTemplate;
			sourceTree = "<group>";
		};
		6DA14D011308406E003685EC /* Resources-iPad */ = {
			isa = PBXGroup;
			children = (
			);
			name = "Resources-iPad";
			sourceTree = "<group>";
		};
		775358A0151B9ACE006D89C4 /* Products */ = {
			isa = PBXGroup;
			children = (
				775358A4151B9ACE006D89C4 /* libMinimTouch.a */,
			);
			name = Products;
			sourceTree = "<group>";
		};
		77BF376C18DF5C7D00B78963 /* Frameworks */ = {
			isa = PBXGroup;
			children = (
				BBE5EAB70F49AD8400F28951 /* AudioToolbox.framework */,
				BB16EBD80F2B2AB500518274 /* QuartzCore.framework */,
				BB16EBD10F2B2A9500518274 /* OpenGLES.framework */,
				1DF5F4DF0D08C38300B7A737 /* UIKit.framework */,
				1D30AB110D05D00D00671497 /* Foundation.framework */,
				288765FC0DF74451002DB57D /* CoreGraphics.framework */,
				53F323EA10A20EDB00E0DAE4 /* OpenAL.framework */,
				5326AEA710A23A0500278DE6 /* CoreLocation.framework */,
				BB0ECA6210F55E7900A35406 /* MapKit.framework */,
				6D36251D1403606F005493CF /* AVFoundation.framework */,
				6D36252114036088005493CF /* CoreVideo.framework */,
				6D362535140360DD005493CF /* CoreMedia.framework */,
			);
			name = Frameworks;
			sourceTree = "<group>";
		};
		77BF376E18DF647A00B78963 /* Products */ = {
			isa = PBXGroup;
			children = (
				77BF377218DF647A00B78963 /* libofxiOS_iphoneos_Debug.a */,
			);
			name = Products;
			sourceTree = "<group>";
		};
		BB16F3A50F2B73B000518274 /* src */ = {
			isa = PBXGroup;
			children = (
				BB16F3AA0F2B73B000518274 /* App.h */,
				BB73D3DA0F4B08B60092FC06 /* App.mm */,
				6DDAC8D713BE0FEA002E76E9 /* AppInterrupts.mm */,
				6D7FA8A813B63DBA00A96AE6 /* AppUICallbacks.mm */,
				7741E31114904E7300F660A7 /* Audio.h */,
				7741E31214904ECA00F660A7 /* Audio.mm */,
				7741E3741499588100F660A7 /* Box.h */,
				77DEB7E61490477600C9FB09 /* Instruments.cpp */,
				77DEB7E51490444F00C9FB09 /* Instruments.h */,
				7741E3711499556100F660A7 /* KeyChooser.h */,
				7741E37514995B2300F660A7 /* KeyChooser.cpp */,
				BB16F3A80F2B73B000518274 /* main.mm */,
				7741E3631496AA6400F660A7 /* Scales.cpp */,
				7741E3611492EF5F00F660A7 /* Scales.h */,
				7741E3651496AC5400F660A7 /* Settings.cpp */,
				7741E3621496AA1C00F660A7 /* Settings.h */,
				7741E3681496C07F00F660A7 /* SettingsScreen.cpp */,
				7741E3671496BF6100F660A7 /* SettingsScreen.h */,
				6DEA8D891323534800744BC8 /* UIActionHandler.h */,
				6DEA8D8A1323534800744BC8 /* UIActionHandler.mm */,
				77AC9BE014A52CAE0085028B /* ScaleChooser.h */,
				77AC9BE114A52D2A0085028B /* ScaleChooser.cpp */,
				77AC9BE314A53CEE0085028B /* Button.h */,
				77AC9C2614A94FF10085028B /* XYControl.h */,
				77AC9C2714A952590085028B /* XYControl.cpp */,
				77AC9C2914A9607E0085028B /* SampleRepeat.h */,
				77AC9C2A14A964880085028B /* SampleRepeat.cpp */,
				77AC9C2C14A96A890085028B /* SampleRepeatControl.h */,
				77AC9C2D14A96B630085028B /* SampleRepeatControl.cpp */,
				77903B8214F204900073280F /* FlangerControl.h */,
				77903B8314F2052A0073280F /* FlangerControl.cpp */,
				77903B8514F20D0E0073280F /* MultitouchControl.h */,
				77903B8614F20E560073280F /* MultitouchControl.cpp */,
			);
			path = src;
			sourceTree = "<group>";
		};
		BB24DD8B10DA77E000E9C588 /* data */ = {
			isa = PBXGroup;
			children = (
				7741E37714996C1500F660A7 /* HelveticaBold.ttf */,
				7741E36D14994B2F00F660A7 /* bass_clef.png */,
				7741E36E14994B2F00F660A7 /* treble_clef.png */,
				BB24DD8C10DA77E000E9C588 /* Default.png */,
				BB24DD8D10DA77E000E9C588 /* Icon.png */,
			);
			name = data;
			path = bin/data;
			sourceTree = "<group>";
		};
/* End PBXGroup section */

/* Begin PBXNativeTarget section */
		1D6058900D05DD3D006BFB54 /* iPad */ = {
			isa = PBXNativeTarget;
			buildConfigurationList = 1D6058960D05DD3E006BFB54 /* Build configuration list for PBXNativeTarget "iPad" */;
			buildPhases = (
				1D60588D0D05DD3D006BFB54 /* Resources */,
				1D60588E0D05DD3D006BFB54 /* Sources */,
				1D60588F0D05DD3D006BFB54 /* Frameworks */,
			);
			buildRules = (
			);
			dependencies = (
				77BF377418DF648300B78963 /* PBXTargetDependency */,
				775358A6151B9ADC006D89C4 /* PBXTargetDependency */,
			);
			name = iPad;
			productName = iPhone;
			productReference = 1D6058910D05DD3D006BFB54 /* melodizer.app */;
			productType = "com.apple.product-type.application";
		};
/* End PBXNativeTarget section */

/* Begin PBXProject section */
		29B97313FDCFA39411CA2CEA /* Project object */ = {
			isa = PBXProject;
			attributes = {
				LastUpgradeCheck = 0420;
			};
			buildConfigurationList = C01FCF4E08A954540054247B /* Build configuration list for PBXProject "melodizer" */;
			compatibilityVersion = "Xcode 3.1";
			developmentRegion = English;
			hasScannedForEncodings = 1;
			knownRegions = (
				English,
				Japanese,
				French,
				German,
			);
			mainGroup = 29B97314FDCFA39411CA2CEA /* CustomTemplate */;
			projectDirPath = "";
			projectReferences = (
				{
					ProductGroup = 77BF376E18DF647A00B78963 /* Products */;
					ProjectRef = 77BF376D18DF647A00B78963 /* iOS+OFLib.xcodeproj */;
				},
				{
					ProductGroup = 775358A0151B9ACE006D89C4 /* Products */;
					ProjectRef = 77F12D7F14698F0900F8C32F /* MinimTouch.xcodeproj */;
				},
			);
			projectRoot = "";
			targets = (
				1D6058900D05DD3D006BFB54 /* iPad */,
			);
		};
/* End PBXProject section */

/* Begin PBXReferenceProxy section */
		775358A4151B9ACE006D89C4 /* libMinimTouch.a */ = {
			isa = PBXReferenceProxy;
			fileType = archive.ar;
			path = libMinimTouch.a;
			remoteRef = 775358A3151B9ACE006D89C4 /* PBXContainerItemProxy */;
			sourceTree = BUILT_PRODUCTS_DIR;
		};
		77BF377218DF647A00B78963 /* libofxiOS_iphoneos_Debug.a */ = {
			isa = PBXReferenceProxy;
			fileType = archive.ar;
			path = libofxiOS_iphoneos_Debug.a;
			remoteRef = 77BF377118DF647A00B78963 /* PBXContainerItemProxy */;
			sourceTree = BUILT_PRODUCTS_DIR;
		};
/* End PBXReferenceProxy section */

/* Begin PBXResourcesBuildPhase section */
		1D60588D0D05DD3D006BFB54 /* Resources */ = {
			isa = PBXResourcesBuildPhase;
			buildActionMask = 2147483647;
			files = (
				BB24DD8F10DA77E000E9C588 /* Default.png in Resources */,
				BB24DD9010DA77E000E9C588 /* Icon.png in Resources */,
				77F12D9D14698F3C00F8C32F /* Config.xcconfig in Resources */,
				7741E36F14994B2F00F660A7 /* bass_clef.png in Resources */,
				7741E37014994B2F00F660A7 /* treble_clef.png in Resources */,
				7741E37814996C1500F660A7 /* HelveticaBold.ttf in Resources */,
				775358B9151BAD7F006D89C4 /* Icon72.png in Resources */,
			);
			runOnlyForDeploymentPostprocessing = 0;
		};
/* End PBXResourcesBuildPhase section */

/* Begin PBXSourcesBuildPhase section */
		1D60588E0D05DD3D006BFB54 /* Sources */ = {
			isa = PBXSourcesBuildPhase;
			buildActionMask = 2147483647;
			files = (
				BB16F3AD0F2B73B000518274 /* main.mm in Sources */,
				BB73D3DB0F4B08B60092FC06 /* App.mm in Sources */,
				6DEA8D8B1323534800744BC8 /* UIActionHandler.mm in Sources */,
				6D7FA8A913B63DBA00A96AE6 /* AppUICallbacks.mm in Sources */,
				6DDAC8D813BE0FEA002E76E9 /* AppInterrupts.mm in Sources */,
				77DEB7E71490477600C9FB09 /* Instruments.cpp in Sources */,
				7741E31314904ECA00F660A7 /* Audio.mm in Sources */,
				7741E3641496AA6400F660A7 /* Scales.cpp in Sources */,
				7741E3661496AC5400F660A7 /* Settings.cpp in Sources */,
				7741E3691496C07F00F660A7 /* SettingsScreen.cpp in Sources */,
				7741E37614995B2300F660A7 /* KeyChooser.cpp in Sources */,
				77AC9BE214A52D2A0085028B /* ScaleChooser.cpp in Sources */,
				77AC9C2814A952590085028B /* XYControl.cpp in Sources */,
				77AC9C2B14A964880085028B /* SampleRepeat.cpp in Sources */,
				77AC9C2E14A96B630085028B /* SampleRepeatControl.cpp in Sources */,
				77903B8414F2052A0073280F /* FlangerControl.cpp in Sources */,
				77903B8714F20E560073280F /* MultitouchControl.cpp in Sources */,
			);
			runOnlyForDeploymentPostprocessing = 0;
		};
/* End PBXSourcesBuildPhase section */

/* Begin PBXTargetDependency section */
		775358A6151B9ADC006D89C4 /* PBXTargetDependency */ = {
			isa = PBXTargetDependency;
			name = MinimTouch;
			targetProxy = 775358A5151B9ADC006D89C4 /* PBXContainerItemProxy */;
		};
		77BF377418DF648300B78963 /* PBXTargetDependency */ = {
			isa = PBXTargetDependency;
			name = "iPhone+OF Static Library";
			targetProxy = 77BF377318DF648300B78963 /* PBXContainerItemProxy */;
		};
/* End PBXTargetDependency section */

/* Begin XCBuildConfiguration section */
		1D6058940D05DD3E006BFB54 /* Debug */ = {
			isa = XCBuildConfiguration;
			buildSettings = {
				ALWAYS_SEARCH_USER_PATHS = NO;
				COMPRESS_PNG_FILES = NO;
				GCC_OPTIMIZATION_LEVEL = 0;
				GCC_PRECOMPILE_PREFIX_HEADER = YES;
				GCC_PREFIX_HEADER = iPhone_Prefix.pch;
				GCC_THUMB_SUPPORT = NO;
				INFOPLIST_FILE = "ofxiphone-Info.plist";
				IPHONEOS_DEPLOYMENT_TARGET = 4.3;
				OTHER_CFLAGS = "-DPOSIX";
				PRODUCT_NAME = melodizer;
				TARGETED_DEVICE_FAMILY = "1,2";
			};
			name = Debug;
		};
		1D6058950D05DD3E006BFB54 /* Release */ = {
			isa = XCBuildConfiguration;
			buildSettings = {
				ALWAYS_SEARCH_USER_PATHS = NO;
				CODE_SIGN_ENTITLEMENTS = "";
				COMPRESS_PNG_FILES = NO;
				GCC_PRECOMPILE_PREFIX_HEADER = YES;
				GCC_PREFIX_HEADER = iPhone_Prefix.pch;
				GCC_THUMB_SUPPORT = NO;
				INFOPLIST_FILE = "ofxiphone-Info.plist";
				IPHONEOS_DEPLOYMENT_TARGET = 4.3;
				OTHER_CFLAGS = "-DPOSIX";
				PRODUCT_NAME = melodizer;
				TARGETED_DEVICE_FAMILY = "1,2";
			};
			name = Release;
		};
		BBD1C20A0F391092007FCFB3 /* Distribution */ = {
			isa = XCBuildConfiguration;
			baseConfigurationReference = 77F12D9C14698F3C00F8C32F /* Config.xcconfig */;
			buildSettings = {
				ARCHS = "$(ARCHS_STANDARD_32_BIT)";
				"CODE_SIGN_IDENTITY[sdk=iphoneos*]" = "iPhone Distribution";
				GCC_C_LANGUAGE_STANDARD = c99;
				GCC_WARN_ABOUT_RETURN_TYPE = YES;
				GCC_WARN_UNUSED_VARIABLE = YES;
				PREBINDING = NO;
				"PROVISIONING_PROFILE[sdk=iphoneos*]" = "";
				SDKROOT = iphoneos;
				VALIDATE_PRODUCT = YES;
			};
			name = Distribution;
		};
		BBD1C20B0F391092007FCFB3 /* Distribution */ = {
			isa = XCBuildConfiguration;
			buildSettings = {
				ALWAYS_SEARCH_USER_PATHS = NO;
				"CODE_SIGN_IDENTITY[sdk=iphoneos*]" = "iPhone Distribution";
				COMPRESS_PNG_FILES = NO;
				GCC_PRECOMPILE_PREFIX_HEADER = YES;
				GCC_PREFIX_HEADER = iPhone_Prefix.pch;
				GCC_THUMB_SUPPORT = NO;
				INFOPLIST_FILE = "ofxiphone-Info.plist";
				IPHONEOS_DEPLOYMENT_TARGET = 4.3;
				OTHER_CFLAGS = "-DPOSIX";
				PRODUCT_NAME = melodizer;
				"PROVISIONING_PROFILE[sdk=iphoneos*]" = "";
				TARGETED_DEVICE_FAMILY = "1,2";
			};
			name = Distribution;
		};
		C01FCF4F08A954540054247B /* Debug */ = {
			isa = XCBuildConfiguration;
			baseConfigurationReference = 77F12D9C14698F3C00F8C32F /* Config.xcconfig */;
			buildSettings = {
				ARCHS = "$(ARCHS_STANDARD_32_BIT)";
				"CODE_SIGN_IDENTITY[sdk=iphoneos*]" = "iPhone Developer";
				COPY_PHASE_STRIP = NO;
				GCC_C_LANGUAGE_STANDARD = c99;
				GCC_WARN_ABOUT_RETURN_TYPE = YES;
				GCC_WARN_UNUSED_VARIABLE = YES;
				ONLY_ACTIVE_ARCH = YES;
				PREBINDING = NO;
				"PROVISIONING_PROFILE[sdk=iphoneos*]" = "";
				SDKROOT = iphoneos;
			};
			name = Debug;
		};
		C01FCF5008A954540054247B /* Release */ = {
			isa = XCBuildConfiguration;
			baseConfigurationReference = 77F12D9C14698F3C00F8C32F /* Config.xcconfig */;
			buildSettings = {
				ARCHS = "$(ARCHS_STANDARD_32_BIT)";
				"CODE_SIGN_IDENTITY[sdk=iphoneos*]" = "iPhone Developer";
				GCC_C_LANGUAGE_STANDARD = c99;
				GCC_WARN_ABOUT_RETURN_TYPE = YES;
				GCC_WARN_UNUSED_VARIABLE = YES;
				PREBINDING = NO;
				"PROVISIONING_PROFILE[sdk=iphoneos*]" = "";
				SDKROOT = iphoneos;
			};
			name = Release;
		};
/* End XCBuildConfiguration section */

/* Begin XCConfigurationList section */
		1D6058960D05DD3E006BFB54 /* Build configuration list for PBXNativeTarget "iPad" */ = {
			isa = XCConfigurationList;
			buildConfigurations = (
				1D6058940D05DD3E006BFB54 /* Debug */,
				1D6058950D05DD3E006BFB54 /* Release */,
				BBD1C20B0F391092007FCFB3 /* Distribution */,
			);
			defaultConfigurationIsVisible = 0;
			defaultConfigurationName = Release;
		};
		C01FCF4E08A954540054247B /* Build configuration list for PBXProject "melodizer" */ = {
			isa = XCConfigurationList;
			buildConfigurations = (
				C01FCF4F08A954540054247B /* Debug */,
				C01FCF5008A954540054247B /* Release */,
				BBD1C20A0F391092007FCFB3 /* Distribution */,
			);
			defaultConfigurationIsVisible = 0;
			defaultConfigurationName = Release;
		};
/* End XCConfigurationList section */
	};
	rootObject = 29B97313FDCFA39411CA2CEA /* Project object */;
}
